
Microsoft Visual Studio Solution File, Format Version 12.00
# Visual Studio 14
VisualStudioVersion = 14.0.23107.0
MinimumVisualStudioVersion = 10.0.40219.1
Project("{FAE04EC0-301F-11D3-BF4B-00C04F79EFBC}") = "ContactOrganizer", "ContactOrganizer\ContactOrganizer.csproj", "{86B3AB89-4018-48D5-AF56-A6FC3A99A223}"
EndProject
Project("{FAE04EC0-301F-11D3-BF4B-00C04F79EFBC}") = "ContactOrganizer.UnitTests", "ContactOrganizer.UnitTests\ContactOrganizer.UnitTests.csproj", "{F4857B16-5896-4BB1-8035-5B406E5176AA}"
EndProject
Global
	GlobalSection(SolutionConfigurationPlatforms) = preSolution
		Debug|Any CPU = Debug|Any CPU
		Release|Any CPU = Release|Any CPU
	EndGlobalSection
	GlobalSection(ProjectConfigurationPlatforms) = postSolution
		{86B3AB89-4018-48D5-AF56-A6FC3A99A223}.Debug|Any CPU.ActiveCfg = Debug|Any CPU
		{86B3AB89-4018-48D5-AF56-A6FC3A99A223}.Debug|Any CPU.Build.0 = Debug|Any CPU
		{86B3AB89-4018-48D5-AF56-A6FC3A99A223}.Release|Any CPU.ActiveCfg = Release|Any CPU
		{86B3AB89-4018-48D5-AF56-A6FC3A99A223}.Release|Any CPU.Build.0 = Release|Any CPU
		{F4857B16-5896-4BB1-8035-5B406E5176AA}.Debug|Any CPU.ActiveCfg = Debug|Any CPU
		{F4857B16-5896-4BB1-8035-5B406E5176AA}.Debug|Any CPU.Build.0 = Debug|Any CPU
		{F4857B16-5896-4BB1-8035-5B406E5176AA}.Release|Any CPU.ActiveCfg = Release|Any CPU
		{F4857B16-5896-4BB1-8035-5B406E5176AA}.Release|Any CPU.Build.0 = Release|Any CPU
	EndGlobalSection
	GlobalSection(SolutionProperties) = preSolution
		HideSolutionNode = FALSE
	EndGlobalSection
EndGlobal
